
Microsoft Visual Studio Solution File, Format Version 12.00
# Visual Studio Version 16
VisualStudioVersion = 16.0.810.23
MinimumVisualStudioVersion = 10.0.40219.1
Project("{FAE04EC0-301F-11D3-BF4B-00C04F79EFBC}") = "40-For", "40-For\40-For.csproj", "{1350D465-B2F0-4834-8860-80C88920B290}"
EndProject
Global
	GlobalSection(SolutionConfigurationPlatforms) = preSolution
		Debug|Any CPU = Debug|Any CPU
		Release|Any CPU = Release|Any CPU
	EndGlobalSection
	GlobalSection(ProjectConfigurationPlatforms) = postSolution
		{1350D465-B2F0-4834-8860-80C88920B290}.Debug|Any CPU.ActiveCfg = Debug|Any CPU
		{1350D465-B2F0-4834-8860-80C88920B290}.Debug|Any CPU.Build.0 = Debug|Any CPU
		{1350D465-B2F0-4834-8860-80C88920B290}.Release|Any CPU.ActiveCfg = Release|Any CPU
		{1350D465-B2F0-4834-8860-80C88920B290}.Release|Any CPU.Build.0 = Release|Any CPU
	EndGlobalSection
	GlobalSection(SolutionProperties) = preSolution
		HideSolutionNode = FALSE
	EndGlobalSection
	GlobalSection(ExtensibilityGlobals) = postSolution
		SolutionGuid = {353DE459-BB7F-4FC1-B4F8-C31F470AA0CF}
	EndGlobalSection
EndGlobal
