
Microsoft Visual Studio Solution File, Format Version 12.00
# Visual Studio Version 16
VisualStudioVersion = 16.0.810.21
MinimumVisualStudioVersion = 10.0.40219.1
Project("{FAE04EC0-301F-11D3-BF4B-00C04F79EFBC}") = "Metodos-multiplicaciones", "Metodos-multiplicaciones\Metodos-multiplicaciones.csproj", "{C483AAC5-7B9D-44CC-BD4D-09915F9E71DA}"
EndProject
Global
	GlobalSection(SolutionConfigurationPlatforms) = preSolution
		Debug|Any CPU = Debug|Any CPU
		Release|Any CPU = Release|Any CPU
	EndGlobalSection
	GlobalSection(ProjectConfigurationPlatforms) = postSolution
		{C483AAC5-7B9D-44CC-BD4D-09915F9E71DA}.Debug|Any CPU.ActiveCfg = Debug|Any CPU
		{C483AAC5-7B9D-44CC-BD4D-09915F9E71DA}.Debug|Any CPU.Build.0 = Debug|Any CPU
		{C483AAC5-7B9D-44CC-BD4D-09915F9E71DA}.Release|Any CPU.ActiveCfg = Release|Any CPU
		{C483AAC5-7B9D-44CC-BD4D-09915F9E71DA}.Release|Any CPU.Build.0 = Release|Any CPU
	EndGlobalSection
	GlobalSection(SolutionProperties) = preSolution
		HideSolutionNode = FALSE
	EndGlobalSection
	GlobalSection(ExtensibilityGlobals) = postSolution
		SolutionGuid = {BEF64A33-8DBB-4F17-BD70-F4EB6787AD18}
	EndGlobalSection
EndGlobal
