
Microsoft Visual Studio Solution File, Format Version 12.00
# Visual Studio Version 17
VisualStudioVersion = 17.2.32516.85
MinimumVisualStudioVersion = 10.0.40219.1
Project("{FAE04EC0-301F-11D3-BF4B-00C04F79EFBC}") = "48-Calculadora-01", "48-Calculadora-01\48-Calculadora-01.csproj", "{E3F1ED1C-6684-4130-AAAD-14FDF76FA861}"
EndProject
Global
	GlobalSection(SolutionConfigurationPlatforms) = preSolution
		Debug|Any CPU = Debug|Any CPU
		Release|Any CPU = Release|Any CPU
	EndGlobalSection
	GlobalSection(ProjectConfigurationPlatforms) = postSolution
		{E3F1ED1C-6684-4130-AAAD-14FDF76FA861}.Debug|Any CPU.ActiveCfg = Debug|Any CPU
		{E3F1ED1C-6684-4130-AAAD-14FDF76FA861}.Debug|Any CPU.Build.0 = Debug|Any CPU
		{E3F1ED1C-6684-4130-AAAD-14FDF76FA861}.Release|Any CPU.ActiveCfg = Release|Any CPU
		{E3F1ED1C-6684-4130-AAAD-14FDF76FA861}.Release|Any CPU.Build.0 = Release|Any CPU
	EndGlobalSection
	GlobalSection(SolutionProperties) = preSolution
		HideSolutionNode = FALSE
	EndGlobalSection
	GlobalSection(ExtensibilityGlobals) = postSolution
		SolutionGuid = {013ADB14-6671-4F6C-8E64-5E058611CE55}
	EndGlobalSection
EndGlobal
