
Microsoft Visual Studio Solution File, Format Version 12.00
# Visual Studio Version 16
VisualStudioVersion = 16.0.810.22
MinimumVisualStudioVersion = 10.0.40219.1
Project("{FAE04EC0-301F-11D3-BF4B-00C04F79EFBC}") = "25-Funciones-locales", "25-Funciones-locales\25-Funciones-locales.csproj", "{0F829DE6-58A6-44EC-A62C-9AADE907E9E5}"
EndProject
Global
	GlobalSection(SolutionConfigurationPlatforms) = preSolution
		Debug|Any CPU = Debug|Any CPU
		Release|Any CPU = Release|Any CPU
	EndGlobalSection
	GlobalSection(ProjectConfigurationPlatforms) = postSolution
		{0F829DE6-58A6-44EC-A62C-9AADE907E9E5}.Debug|Any CPU.ActiveCfg = Debug|Any CPU
		{0F829DE6-58A6-44EC-A62C-9AADE907E9E5}.Debug|Any CPU.Build.0 = Debug|Any CPU
		{0F829DE6-58A6-44EC-A62C-9AADE907E9E5}.Release|Any CPU.ActiveCfg = Release|Any CPU
		{0F829DE6-58A6-44EC-A62C-9AADE907E9E5}.Release|Any CPU.Build.0 = Release|Any CPU
	EndGlobalSection
	GlobalSection(SolutionProperties) = preSolution
		HideSolutionNode = FALSE
	EndGlobalSection
	GlobalSection(ExtensibilityGlobals) = postSolution
		SolutionGuid = {D76C32DD-06A6-4D03-B781-375CCEF8C792}
	EndGlobalSection
EndGlobal
