
Microsoft Visual Studio Solution File, Format Version 12.00
# Visual Studio Version 16
VisualStudioVersion = 16.0.810.16
MinimumVisualStudioVersion = 10.0.40219.1
Project("{FAE04EC0-301F-11D3-BF4B-00C04F79EFBC}") = "06-Conversion-de-tipo-de-datos", "06-Conversion-de-tipo-de-datos\06-Conversion-de-tipo-de-datos.csproj", "{2ECF7C3F-9AF2-4677-9719-7075DA7CAEBB}"
EndProject
Global
	GlobalSection(SolutionConfigurationPlatforms) = preSolution
		Debug|Any CPU = Debug|Any CPU
		Release|Any CPU = Release|Any CPU
	EndGlobalSection
	GlobalSection(ProjectConfigurationPlatforms) = postSolution
		{2ECF7C3F-9AF2-4677-9719-7075DA7CAEBB}.Debug|Any CPU.ActiveCfg = Debug|Any CPU
		{2ECF7C3F-9AF2-4677-9719-7075DA7CAEBB}.Debug|Any CPU.Build.0 = Debug|Any CPU
		{2ECF7C3F-9AF2-4677-9719-7075DA7CAEBB}.Release|Any CPU.ActiveCfg = Release|Any CPU
		{2ECF7C3F-9AF2-4677-9719-7075DA7CAEBB}.Release|Any CPU.Build.0 = Release|Any CPU
	EndGlobalSection
	GlobalSection(SolutionProperties) = preSolution
		HideSolutionNode = FALSE
	EndGlobalSection
	GlobalSection(ExtensibilityGlobals) = postSolution
		SolutionGuid = {40FBAD9F-339B-477E-8B8D-66722A85867C}
	EndGlobalSection
EndGlobal
