
Microsoft Visual Studio Solution File, Format Version 12.00
# Visual Studio Version 16
VisualStudioVersion = 25.0.1700.6
MinimumVisualStudioVersion = 10.0.40219.1
Project("{FAE04EC0-301F-11D3-BF4B-00C04F79EFBC}") = "03-Promedio-de-notas", "03-Promedio-de-notas\03-Promedio-de-notas.csproj", "{92D32181-5520-4B0D-BF1D-77DD59E52503}"
EndProject
Global
	GlobalSection(SolutionConfigurationPlatforms) = preSolution
		Debug|Any CPU = Debug|Any CPU
		Release|Any CPU = Release|Any CPU
	EndGlobalSection
	GlobalSection(ProjectConfigurationPlatforms) = postSolution
		{92D32181-5520-4B0D-BF1D-77DD59E52503}.Debug|Any CPU.ActiveCfg = Debug|Any CPU
		{92D32181-5520-4B0D-BF1D-77DD59E52503}.Debug|Any CPU.Build.0 = Debug|Any CPU
		{92D32181-5520-4B0D-BF1D-77DD59E52503}.Release|Any CPU.ActiveCfg = Release|Any CPU
		{92D32181-5520-4B0D-BF1D-77DD59E52503}.Release|Any CPU.Build.0 = Release|Any CPU
	EndGlobalSection
	GlobalSection(SolutionProperties) = preSolution
		HideSolutionNode = FALSE
	EndGlobalSection
	GlobalSection(ExtensibilityGlobals) = postSolution
		SolutionGuid = {55518038-7925-4EB9-9F00-D4F2B29F2D8E}
	EndGlobalSection
EndGlobal
