
Microsoft Visual Studio Solution File, Format Version 12.00
# Visual Studio Version 16
VisualStudioVersion = 25.0.1704.3
MinimumVisualStudioVersion = 10.0.40219.1
Project("{FAE04EC0-301F-11D3-BF4B-00C04F79EFBC}") = "09-Operadores", "09-Operadores\09-Operadores.csproj", "{7DA4A60F-6770-473F-8626-6999DCBBD70D}"
EndProject
Global
	GlobalSection(SolutionConfigurationPlatforms) = preSolution
		Debug|Any CPU = Debug|Any CPU
		Release|Any CPU = Release|Any CPU
	EndGlobalSection
	GlobalSection(ProjectConfigurationPlatforms) = postSolution
		{7DA4A60F-6770-473F-8626-6999DCBBD70D}.Debug|Any CPU.ActiveCfg = Debug|Any CPU
		{7DA4A60F-6770-473F-8626-6999DCBBD70D}.Debug|Any CPU.Build.0 = Debug|Any CPU
		{7DA4A60F-6770-473F-8626-6999DCBBD70D}.Release|Any CPU.ActiveCfg = Release|Any CPU
		{7DA4A60F-6770-473F-8626-6999DCBBD70D}.Release|Any CPU.Build.0 = Release|Any CPU
	EndGlobalSection
	GlobalSection(SolutionProperties) = preSolution
		HideSolutionNode = FALSE
	EndGlobalSection
	GlobalSection(ExtensibilityGlobals) = postSolution
		SolutionGuid = {9AA5C4DE-C629-460E-9D20-58198F474DC5}
	EndGlobalSection
EndGlobal
