
Microsoft Visual Studio Solution File, Format Version 12.00
# Visual Studio Version 16
VisualStudioVersion = 25.0.1705.4
MinimumVisualStudioVersion = 10.0.40219.1
Project("{FAE04EC0-301F-11D3-BF4B-00C04F79EFBC}") = "38-SWITCH", "38-SWITCH\38-SWITCH.csproj", "{16572036-8B4D-40C6-82D4-1B311D67EE02}"
EndProject
Global
	GlobalSection(SolutionConfigurationPlatforms) = preSolution
		Debug|Any CPU = Debug|Any CPU
		Release|Any CPU = Release|Any CPU
	EndGlobalSection
	GlobalSection(ProjectConfigurationPlatforms) = postSolution
		{16572036-8B4D-40C6-82D4-1B311D67EE02}.Debug|Any CPU.ActiveCfg = Debug|Any CPU
		{16572036-8B4D-40C6-82D4-1B311D67EE02}.Debug|Any CPU.Build.0 = Debug|Any CPU
		{16572036-8B4D-40C6-82D4-1B311D67EE02}.Release|Any CPU.ActiveCfg = Release|Any CPU
		{16572036-8B4D-40C6-82D4-1B311D67EE02}.Release|Any CPU.Build.0 = Release|Any CPU
	EndGlobalSection
	GlobalSection(SolutionProperties) = preSolution
		HideSolutionNode = FALSE
	EndGlobalSection
	GlobalSection(ExtensibilityGlobals) = postSolution
		SolutionGuid = {65391F3F-B4A0-4855-A02B-2B0FE303ED32}
	EndGlobalSection
EndGlobal
