
Microsoft Visual Studio Solution File, Format Version 12.00
# Visual Studio Version 17
VisualStudioVersion = 17.2.32516.85
MinimumVisualStudioVersion = 10.0.40219.1
Project("{FAE04EC0-301F-11D3-BF4B-00C04F79EFBC}") = "59-Calculadora-12", "59-Calculadora-12\59-Calculadora-12.csproj", "{98846CC8-4994-4AE1-8C81-BCA30B101C99}"
EndProject
Global
	GlobalSection(SolutionConfigurationPlatforms) = preSolution
		Debug|Any CPU = Debug|Any CPU
		Release|Any CPU = Release|Any CPU
	EndGlobalSection
	GlobalSection(ProjectConfigurationPlatforms) = postSolution
		{98846CC8-4994-4AE1-8C81-BCA30B101C99}.Debug|Any CPU.ActiveCfg = Debug|Any CPU
		{98846CC8-4994-4AE1-8C81-BCA30B101C99}.Debug|Any CPU.Build.0 = Debug|Any CPU
		{98846CC8-4994-4AE1-8C81-BCA30B101C99}.Release|Any CPU.ActiveCfg = Release|Any CPU
		{98846CC8-4994-4AE1-8C81-BCA30B101C99}.Release|Any CPU.Build.0 = Release|Any CPU
	EndGlobalSection
	GlobalSection(SolutionProperties) = preSolution
		HideSolutionNode = FALSE
	EndGlobalSection
	GlobalSection(ExtensibilityGlobals) = postSolution
		SolutionGuid = {99841BBE-CEF6-4D1E-B917-BA8F3A862191}
	EndGlobalSection
EndGlobal
