
Microsoft Visual Studio Solution File, Format Version 12.00
# Visual Studio Version 16
VisualStudioVersion = 25.0.1700.6
MinimumVisualStudioVersion = 10.0.40219.1
Project("{FAE04EC0-301F-11D3-BF4B-00C04F79EFBC}") = "04-Calculadora-basica", "04-Calculadora-basica\04-Calculadora-basica.csproj", "{3F4B6F75-6D2A-44F4-86F9-0A05AF374A0A}"
EndProject
Global
	GlobalSection(SolutionConfigurationPlatforms) = preSolution
		Debug|Any CPU = Debug|Any CPU
		Release|Any CPU = Release|Any CPU
	EndGlobalSection
	GlobalSection(ProjectConfigurationPlatforms) = postSolution
		{3F4B6F75-6D2A-44F4-86F9-0A05AF374A0A}.Debug|Any CPU.ActiveCfg = Debug|Any CPU
		{3F4B6F75-6D2A-44F4-86F9-0A05AF374A0A}.Debug|Any CPU.Build.0 = Debug|Any CPU
		{3F4B6F75-6D2A-44F4-86F9-0A05AF374A0A}.Release|Any CPU.ActiveCfg = Release|Any CPU
		{3F4B6F75-6D2A-44F4-86F9-0A05AF374A0A}.Release|Any CPU.Build.0 = Release|Any CPU
	EndGlobalSection
	GlobalSection(SolutionProperties) = preSolution
		HideSolutionNode = FALSE
	EndGlobalSection
	GlobalSection(ExtensibilityGlobals) = postSolution
		SolutionGuid = {392B56B8-0505-41D6-B407-2F65ADDBA000}
	EndGlobalSection
EndGlobal
