
Microsoft Visual Studio Solution File, Format Version 12.00
# Visual Studio Version 16
VisualStudioVersion = 25.0.1705.4
MinimumVisualStudioVersion = 10.0.40219.1
Project("{FAE04EC0-301F-11D3-BF4B-00C04F79EFBC}") = "40-FOR", "40-FOR\40-FOR.csproj", "{B295E56B-DACC-463C-8DF6-B08614B0FD97}"
EndProject
Global
	GlobalSection(SolutionConfigurationPlatforms) = preSolution
		Debug|Any CPU = Debug|Any CPU
		Release|Any CPU = Release|Any CPU
	EndGlobalSection
	GlobalSection(ProjectConfigurationPlatforms) = postSolution
		{B295E56B-DACC-463C-8DF6-B08614B0FD97}.Debug|Any CPU.ActiveCfg = Debug|Any CPU
		{B295E56B-DACC-463C-8DF6-B08614B0FD97}.Debug|Any CPU.Build.0 = Debug|Any CPU
		{B295E56B-DACC-463C-8DF6-B08614B0FD97}.Release|Any CPU.ActiveCfg = Release|Any CPU
		{B295E56B-DACC-463C-8DF6-B08614B0FD97}.Release|Any CPU.Build.0 = Release|Any CPU
	EndGlobalSection
	GlobalSection(SolutionProperties) = preSolution
		HideSolutionNode = FALSE
	EndGlobalSection
	GlobalSection(ExtensibilityGlobals) = postSolution
		SolutionGuid = {7F599459-93B2-4CE8-B53E-48B3F7B111AB}
	EndGlobalSection
EndGlobal
