
Microsoft Visual Studio Solution File, Format Version 12.00
# Visual Studio Version 16
VisualStudioVersion = 16.0.810.16
MinimumVisualStudioVersion = 10.0.40219.1
Project("{FAE04EC0-301F-11D3-BF4B-00C04F79EFBC}") = "03-Creando-variables", "03-Creando-variables\03-Creando-variables.csproj", "{C12266CE-2BD5-4F14-967B-DC0DAAC98421}"
EndProject
Global
	GlobalSection(SolutionConfigurationPlatforms) = preSolution
		Debug|Any CPU = Debug|Any CPU
		Release|Any CPU = Release|Any CPU
	EndGlobalSection
	GlobalSection(ProjectConfigurationPlatforms) = postSolution
		{C12266CE-2BD5-4F14-967B-DC0DAAC98421}.Debug|Any CPU.ActiveCfg = Debug|Any CPU
		{C12266CE-2BD5-4F14-967B-DC0DAAC98421}.Debug|Any CPU.Build.0 = Debug|Any CPU
		{C12266CE-2BD5-4F14-967B-DC0DAAC98421}.Release|Any CPU.ActiveCfg = Release|Any CPU
		{C12266CE-2BD5-4F14-967B-DC0DAAC98421}.Release|Any CPU.Build.0 = Release|Any CPU
	EndGlobalSection
	GlobalSection(SolutionProperties) = preSolution
		HideSolutionNode = FALSE
	EndGlobalSection
	GlobalSection(ExtensibilityGlobals) = postSolution
		SolutionGuid = {2A02645C-9D1B-415E-BE0C-EA28C5751F39}
	EndGlobalSection
EndGlobal
