
Microsoft Visual Studio Solution File, Format Version 12.00
# Visual Studio Version 17
VisualStudioVersion = 17.2.32516.85
MinimumVisualStudioVersion = 10.0.40219.1
Project("{FAE04EC0-301F-11D3-BF4B-00C04F79EFBC}") = "51-Calculadora-04", "51-Calculadora-04\51-Calculadora-04.csproj", "{6236B092-4BEA-48FA-8DD4-16BF6E0CF7AD}"
EndProject
Global
	GlobalSection(SolutionConfigurationPlatforms) = preSolution
		Debug|Any CPU = Debug|Any CPU
		Release|Any CPU = Release|Any CPU
	EndGlobalSection
	GlobalSection(ProjectConfigurationPlatforms) = postSolution
		{6236B092-4BEA-48FA-8DD4-16BF6E0CF7AD}.Debug|Any CPU.ActiveCfg = Debug|Any CPU
		{6236B092-4BEA-48FA-8DD4-16BF6E0CF7AD}.Debug|Any CPU.Build.0 = Debug|Any CPU
		{6236B092-4BEA-48FA-8DD4-16BF6E0CF7AD}.Release|Any CPU.ActiveCfg = Release|Any CPU
		{6236B092-4BEA-48FA-8DD4-16BF6E0CF7AD}.Release|Any CPU.Build.0 = Release|Any CPU
	EndGlobalSection
	GlobalSection(SolutionProperties) = preSolution
		HideSolutionNode = FALSE
	EndGlobalSection
	GlobalSection(ExtensibilityGlobals) = postSolution
		SolutionGuid = {2F680ED8-6358-4565-B910-B1B1E823A1C0}
	EndGlobalSection
EndGlobal
