
Microsoft Visual Studio Solution File, Format Version 12.00
# Visual Studio Version 16
VisualStudioVersion = 16.0.810.23
MinimumVisualStudioVersion = 10.0.40219.1
Project("{FAE04EC0-301F-11D3-BF4B-00C04F79EFBC}") = "68-Diccionarios", "68-Diccionarios\68-Diccionarios.csproj", "{EF1D9748-893A-4B9D-B93B-CD3C848C17CA}"
EndProject
Global
	GlobalSection(SolutionConfigurationPlatforms) = preSolution
		Debug|Any CPU = Debug|Any CPU
		Release|Any CPU = Release|Any CPU
	EndGlobalSection
	GlobalSection(ProjectConfigurationPlatforms) = postSolution
		{EF1D9748-893A-4B9D-B93B-CD3C848C17CA}.Debug|Any CPU.ActiveCfg = Debug|Any CPU
		{EF1D9748-893A-4B9D-B93B-CD3C848C17CA}.Debug|Any CPU.Build.0 = Debug|Any CPU
		{EF1D9748-893A-4B9D-B93B-CD3C848C17CA}.Release|Any CPU.ActiveCfg = Release|Any CPU
		{EF1D9748-893A-4B9D-B93B-CD3C848C17CA}.Release|Any CPU.Build.0 = Release|Any CPU
	EndGlobalSection
	GlobalSection(SolutionProperties) = preSolution
		HideSolutionNode = FALSE
	EndGlobalSection
	GlobalSection(ExtensibilityGlobals) = postSolution
		SolutionGuid = {F793E74C-C0F0-458A-B683-E24521914CC5}
	EndGlobalSection
EndGlobal
