
Microsoft Visual Studio Solution File, Format Version 12.00
# Visual Studio Version 17
VisualStudioVersion = 17.2.32516.85
MinimumVisualStudioVersion = 10.0.40219.1
Project("{FAE04EC0-301F-11D3-BF4B-00C04F79EFBC}") = "56-Calculadora-09", "56-Calculadora-09\56-Calculadora-09.csproj", "{9AF1F36B-73C9-49E0-9013-5FD206B46150}"
EndProject
Global
	GlobalSection(SolutionConfigurationPlatforms) = preSolution
		Debug|Any CPU = Debug|Any CPU
		Release|Any CPU = Release|Any CPU
	EndGlobalSection
	GlobalSection(ProjectConfigurationPlatforms) = postSolution
		{9AF1F36B-73C9-49E0-9013-5FD206B46150}.Debug|Any CPU.ActiveCfg = Debug|Any CPU
		{9AF1F36B-73C9-49E0-9013-5FD206B46150}.Debug|Any CPU.Build.0 = Debug|Any CPU
		{9AF1F36B-73C9-49E0-9013-5FD206B46150}.Release|Any CPU.ActiveCfg = Release|Any CPU
		{9AF1F36B-73C9-49E0-9013-5FD206B46150}.Release|Any CPU.Build.0 = Release|Any CPU
	EndGlobalSection
	GlobalSection(SolutionProperties) = preSolution
		HideSolutionNode = FALSE
	EndGlobalSection
	GlobalSection(ExtensibilityGlobals) = postSolution
		SolutionGuid = {F2BE3E14-4617-4890-A210-A2A0A1ACD5EA}
	EndGlobalSection
EndGlobal
